{
  "object": {
    "pins": [
      {
        "package": "async-http-client",
        "repositoryURL": "https://github.com/swift-server/async-http-client.git",
        "state": {
          "branch": null,
          "revision": "037b70291941fe43de668066eb6fb802c5e181d2",
          "version": "1.1.1"
        }
      },
      {
        "package": "async-kit",
        "repositoryURL": "https://github.com/vapor/async-kit.git",
        "state": {
          "branch": null,
          "revision": "635a259c57ba682b60bebf005c52a92cfafc73f5",
          "version": "1.1.0"
        }
      },
      {
        "package": "console-kit",
        "repositoryURL": "https://github.com/vapor/console-kit.git",
        "state": {
          "branch": null,
          "revision": "7a97a5ea7fefe61cf2c943242113125b0f396a98",
          "version": "4.1.0"
        }
      },
      {
        "package": "ContextKit",
        "repositoryURL": "https://github.com/nerdsupremacist/ContextKit.git",
        "state": {
          "branch": null,
          "revision": "d68c64dd4ed4c616bb5fd58f9d19d939a1735f20",
          "version": "0.2.1"
        }
      },
      {
        "package": "CRuntime",
        "repositoryURL": "https://github.com/nerdsupremacist/CRuntime.git",
        "state": {
          "branch": null,
          "revision": "95f911318d8c885f6fc05e971471f94adfd39405",
          "version": "2.1.2"
        }
      },
      {
        "package": "CwlDemangle",
        "repositoryURL": "https://github.com/mattgallagher/CwlDemangle.git",
        "state": {
          "branch": null,
          "revision": "b268c08207d2990664605c49b2c71cbd0df3445b",
          "version": "0.1.0"
        }
      },
      {
        "package": "GraphQL",
        "repositoryURL": "https://github.com/nerdsupremacist/GraphQL.git",
        "state": {
          "branch": null,
          "revision": "253b6efa4fdac99a0feef631023232729864a7c1",
          "version": "0.12.1-beta.6"
        }
      },
      {
        "package": "GraphZahl",
        "repositoryURL": "https://github.com/nerdsupremacist/GraphZahl.git",
        "state": {
          "branch": null,
          "revision": "c0da9b0c5d6aa416adca4af09cddb759cc970b8a",
          "version": "0.1.0-alpha.29"
        }
      },
      {
        "package": "graphzahl-vapor-support",
        "repositoryURL": "https://github.com/nerdsupremacist/graphzahl-vapor-support.git",
        "state": {
          "branch": null,
          "revision": "d00ed249d23df3496f1feb0cfa661716cb9a00a1",
          "version": "0.1.0-alpha.7"
        }
      },
      {
        "package": "routing-kit",
        "repositoryURL": "https://github.com/vapor/routing-kit.git",
        "state": {
          "branch": null,
          "revision": "e7f2d5bd36dc65a9edb303541cb678515a7fece3",
          "version": "4.1.0"
        }
      },
      {
        "package": "Runtime",
        "repositoryURL": "https://github.com/nerdsupremacist/Runtime.git",
        "state": {
          "branch": null,
          "revision": "3c87a4e966baff36c8d0bc35620f833a55c6f201",
          "version": "2.1.2-beta.10"
        }
      },
      {
        "package": "swift-backtrace",
        "repositoryURL": "https://github.com/swift-server/swift-backtrace.git",
        "state": {
          "branch": null,
          "revision": "f2fd8c4845a123419c348e0bc4b3839c414077d5",
          "version": "1.2.0"
        }
      },
      {
        "package": "swift-crypto",
        "repositoryURL": "https://github.com/apple/swift-crypto.git",
        "state": {
          "branch": null,
          "revision": "d67ac68d09a95443303e9d6e37b34e7ba101d5f1",
          "version": "1.0.1"
        }
      },
      {
        "package": "swift-log",
        "repositoryURL": "https://github.com/apple/swift-log.git",
        "state": {
          "branch": null,
          "revision": "74d7b91ceebc85daf387ebb206003f78813f71aa",
          "version": "1.2.0"
        }
      },
      {
        "package": "swift-metrics",
        "repositoryURL": "https://github.com/apple/swift-metrics.git",
        "state": {
          "branch": null,
          "revision": "708b960b4605abb20bc55d65abf6bad607252200",
          "version": "2.0.0"
        }
      },
      {
        "package": "swift-nio",
        "repositoryURL": "https://github.com/apple/swift-nio.git",
        "state": {
          "branch": null,
          "revision": "c5fa0b456524cd73dc3ddbb263d4f46c20b86ca3",
          "version": "2.17.0"
        }
      },
      {
        "package": "swift-nio-extras",
        "repositoryURL": "https://github.com/apple/swift-nio-extras.git",
        "state": {
          "branch": null,
          "revision": "7cd24c0efcf9700033f671b6a8eaa64a77dd0b72",
          "version": "1.5.1"
        }
      },
      {
        "package": "swift-nio-http2",
        "repositoryURL": "https://github.com/apple/swift-nio-http2.git",
        "state": {
          "branch": null,
          "revision": "b66a08e4bc53ab7c39fb03ab3678132e6ba5d12d",
          "version": "1.12.0"
        }
      },
      {
        "package": "swift-nio-ssl",
        "repositoryURL": "https://github.com/apple/swift-nio-ssl.git",
        "state": {
          "branch": null,
          "revision": "10e0e17dd47b594c3d864a063f343d716e33e5c1",
          "version": "2.7.3"
        }
      },
      {
        "package": "vapor",
        "repositoryURL": "https://github.com/vapor/vapor.git",
        "state": {
          "branch": null,
          "revision": "6dfdb3445308c40280bf1c071fe14c1c92f98a0d",
          "version": "4.7.1"
        }
      },
      {
        "package": "websocket-kit",
        "repositoryURL": "https://github.com/vapor/websocket-kit.git",
        "state": {
          "branch": null,
          "revision": "021edd1ca55451ad15b3e84da6b4064e4b877b34",
          "version": "2.1.0"
        }
      }
    ]
  },
  "version": 1
}
